{
  "name": "aryeo-sdk",
  "lockfileVersion": 3,
  "requires": true,
  "packages": {
    "": {
      "name": "aryeo-sdk",
      "license": "MIT",
      "workspaces": [
        "packages/*"
      ],
      "devDependencies": {
        "typescript": "^5.9.3"
      },
      "engines": {
        "node": ">=20"
      }
    },
    "node_modules/@envesko/aryeo-client": {
      "resolved": "packages/client-ts",
      "link": true
    },
    "node_modules/@envesko/aryeo-mcp": {
      "resolved": "packages/mcp-worker",
      "link": true
    },
    "node_modules/typescript": {
      "version": "5.9.3",
      "resolved": "https://registry.npmjs.org/typescript/-/typescript-5.9.3.tgz",
      "integrity": "sha512-jl1vZzPDinLr9eUt3J/t7V6FgNEw9QjvBPdysz9KfQDD41fQrC2Y4vKQdiaUpFT4bXlb1RHhLpp8wtm6M5TgSw==",
      "dev": true,
      "license": "Apache-2.0",
      "bin": {
        "tsc": "bin/tsc",
        "tsserver": "bin/tsserver"
      },
      "engines": {
        "node": ">=14.17"
      }
    },
    "packages/client-ts": {
      "name": "@envesko/aryeo-client",
      "version": "0.1.0",
      "license": "MIT"
    },
    "packages/mcp-worker": {
      "name": "@envesko/aryeo-mcp",
      "version": "0.1.0",
      "license": "MIT",
      "dependencies": {
        "@envesko/aryeo-client": "0.1.0"
      }
    }
  }
}
